
Microsoft Visual Studio Solution File, Format Version 12.00
# Visual Studio Version 16
VisualStudioVersion = 16.0.30330.147
MinimumVisualStudioVersion = 10.0.40219.1
Project("{9A19103F-16F7-4668-BE54-9A1E7A4F7556}") = "Bomberman", "Bomberman\Bomberman.csproj", "{F0F9845E-E0E0-4FC1-B275-04F23235D749}"
EndProject
Project("{9A19103F-16F7-4668-BE54-9A1E7A4F7556}") = "BombermanClient", "BombermanClient\BombermanClient.csproj", "{DACEB039-0760-4F78-9686-2DBF6036A9CA}"
EndProject
Project("{FAE04EC0-301F-11D3-BF4B-00C04F79EFBC}") = "BombermanClasses", "BombermanClasses\BombermanClasses.csproj", "{E1773FD1-5E49-47F3-8192-D70D526EF08A}"
EndProject
Global
	GlobalSection(SolutionConfigurationPlatforms) = preSolution
		Debug|Any CPU = Debug|Any CPU
		Release|Any CPU = Release|Any CPU
	EndGlobalSection
	GlobalSection(ProjectConfigurationPlatforms) = postSolution
		{F0F9845E-E0E0-4FC1-B275-04F23235D749}.Debug|Any CPU.ActiveCfg = Debug|Any CPU
		{F0F9845E-E0E0-4FC1-B275-04F23235D749}.Debug|Any CPU.Build.0 = Debug|Any CPU
		{F0F9845E-E0E0-4FC1-B275-04F23235D749}.Release|Any CPU.ActiveCfg = Release|Any CPU
		{F0F9845E-E0E0-4FC1-B275-04F23235D749}.Release|Any CPU.Build.0 = Release|Any CPU
		{DACEB039-0760-4F78-9686-2DBF6036A9CA}.Debug|Any CPU.ActiveCfg = Debug|Any CPU
		{DACEB039-0760-4F78-9686-2DBF6036A9CA}.Debug|Any CPU.Build.0 = Debug|Any CPU
		{DACEB039-0760-4F78-9686-2DBF6036A9CA}.Release|Any CPU.ActiveCfg = Release|Any CPU
		{DACEB039-0760-4F78-9686-2DBF6036A9CA}.Release|Any CPU.Build.0 = Release|Any CPU
		{E1773FD1-5E49-47F3-8192-D70D526EF08A}.Debug|Any CPU.ActiveCfg = Debug|Any CPU
		{E1773FD1-5E49-47F3-8192-D70D526EF08A}.Debug|Any CPU.Build.0 = Debug|Any CPU
		{E1773FD1-5E49-47F3-8192-D70D526EF08A}.Release|Any CPU.ActiveCfg = Release|Any CPU
		{E1773FD1-5E49-47F3-8192-D70D526EF08A}.Release|Any CPU.Build.0 = Release|Any CPU
	EndGlobalSection
	GlobalSection(SolutionProperties) = preSolution
		HideSolutionNode = FALSE
	EndGlobalSection
	GlobalSection(ExtensibilityGlobals) = postSolution
		SolutionGuid = {D66A20D8-C4E2-488A-B3CD-575F0FB4B092}
	EndGlobalSection
EndGlobal
